
Microsoft Visual Studio Solution File, Format Version 9.00
# Visual Studio 2005
Project("{8BC9CEB8-8B4A-11D0-8D11-00A0C91BC942}") = "DllPlugInTester", "DllPlugInTester\DllPlugInTester.vcproj", "{66375BF9-9D27-465E-B7DA-E2FB006B0509}"
	ProjectSection(ProjectDependencies) = postProject
		{D44711FC-020B-452A-A366-B31BB76FF4B1} = {D44711FC-020B-452A-A366-B31BB76FF4B1}
		{22E8AA41-3E23-47B0-AE1B-B8A62FA4170D} = {22E8AA41-3E23-47B0-AE1B-B8A62FA4170D}
	EndProjectSection
EndProject
Project("{8BC9CEB8-8B4A-11D0-8D11-00A0C91BC942}") = "TestPlugInRunner", "msvc6\testpluginrunner\TestPlugInRunner.vcproj", "{5E1753CA-2416-409E-B867-C6A819B56903}"
	ProjectSection(ProjectDependencies) = postProject
		{D44711FC-020B-452A-A366-B31BB76FF4B1} = {D44711FC-020B-452A-A366-B31BB76FF4B1}
		{EF00BABE-C128-4C9C-9700-232E53EE7FC1} = {EF00BABE-C128-4C9C-9700-232E53EE7FC1}
	EndProjectSection
EndProject
Project("{8BC9CEB8-8B4A-11D0-8D11-00A0C91BC942}") = "TestRunner", "msvc6\testrunner\TestRunner.vcproj", "{EF00BABE-C128-4C9C-9700-232E53EE7FC1}"
	ProjectSection(ProjectDependencies) = postProject
		{22E8AA41-3E23-47B0-AE1B-B8A62FA4170D} = {22E8AA41-3E23-47B0-AE1B-B8A62FA4170D}
	EndProjectSection
EndProject
Project("{8BC9CEB8-8B4A-11D0-8D11-00A0C91BC942}") = "cppunit", "cppunit\cppunit.vcproj", "{22E8AA41-3E23-47B0-AE1B-B8A62FA4170D}"
EndProject
Project("{8BC9CEB8-8B4A-11D0-8D11-00A0C91BC942}") = "cppunit_dll", "cppunit\cppunit_dll.vcproj", "{D44711FC-020B-452A-A366-B31BB76FF4B1}"
EndProject
Global
	GlobalSection(SolutionConfigurationPlatforms) = preSolution
		Debug Static|Win32 = Debug Static|Win32
		Debug Unicode|Win32 = Debug Unicode|Win32
		Debug|Win32 = Debug|Win32
		Release Static|Win32 = Release Static|Win32
		Release Unicode|Win32 = Release Unicode|Win32
		Release|Win32 = Release|Win32
	EndGlobalSection
	GlobalSection(ProjectConfigurationPlatforms) = postSolution
		{66375BF9-9D27-465E-B7DA-E2FB006B0509}.Debug Static|Win32.ActiveCfg = Debug Static|Win32
		{66375BF9-9D27-465E-B7DA-E2FB006B0509}.Debug Static|Win32.Build.0 = Debug Static|Win32
		{66375BF9-9D27-465E-B7DA-E2FB006B0509}.Debug Unicode|Win32.ActiveCfg = Debug Unicode|Win32
		{66375BF9-9D27-465E-B7DA-E2FB006B0509}.Debug Unicode|Win32.Build.0 = Debug Unicode|Win32
		{66375BF9-9D27-465E-B7DA-E2FB006B0509}.Debug|Win32.ActiveCfg = Debug|Win32
		{66375BF9-9D27-465E-B7DA-E2FB006B0509}.Debug|Win32.Build.0 = Debug|Win32
		{66375BF9-9D27-465E-B7DA-E2FB006B0509}.Release Static|Win32.ActiveCfg = Release Static|Win32
		{66375BF9-9D27-465E-B7DA-E2FB006B0509}.Release Static|Win32.Build.0 = Release Static|Win32
		{66375BF9-9D27-465E-B7DA-E2FB006B0509}.Release Unicode|Win32.ActiveCfg = Release Unicode|Win32
		{66375BF9-9D27-465E-B7DA-E2FB006B0509}.Release Unicode|Win32.Build.0 = Release Unicode|Win32
		{66375BF9-9D27-465E-B7DA-E2FB006B0509}.Release|Win32.ActiveCfg = Release|Win32
		{66375BF9-9D27-465E-B7DA-E2FB006B0509}.Release|Win32.Build.0 = Release|Win32
		{5E1753CA-2416-409E-B867-C6A819B56903}.Debug Static|Win32.ActiveCfg = Debug|Win32
		{5E1753CA-2416-409E-B867-C6A819B56903}.Debug Static|Win32.Build.0 = Debug|Win32
		{5E1753CA-2416-409E-B867-C6A819B56903}.Debug Unicode|Win32.ActiveCfg = Debug|Win32
		{5E1753CA-2416-409E-B867-C6A819B56903}.Debug Unicode|Win32.Build.0 = Debug|Win32
		{5E1753CA-2416-409E-B867-C6A819B56903}.Debug|Win32.ActiveCfg = Debug|Win32
		{5E1753CA-2416-409E-B867-C6A819B56903}.Debug|Win32.Build.0 = Debug|Win32
		{5E1753CA-2416-409E-B867-C6A819B56903}.Release Static|Win32.ActiveCfg = Release|Win32
		{5E1753CA-2416-409E-B867-C6A819B56903}.Release Static|Win32.Build.0 = Release|Win32
		{5E1753CA-2416-409E-B867-C6A819B56903}.Release Unicode|Win32.ActiveCfg = Release|Win32
		{5E1753CA-2416-409E-B867-C6A819B56903}.Release Unicode|Win32.Build.0 = Release|Win32
		{5E1753CA-2416-409E-B867-C6A819B56903}.Release|Win32.ActiveCfg = Release|Win32
		{5E1753CA-2416-409E-B867-C6A819B56903}.Release|Win32.Build.0 = Release|Win32
		{EF00BABE-C128-4C9C-9700-232E53EE7FC1}.Debug Static|Win32.ActiveCfg = Debug Unicode|Win32
		{EF00BABE-C128-4C9C-9700-232E53EE7FC1}.Debug Static|Win32.Build.0 = Debug Unicode|Win32
		{EF00BABE-C128-4C9C-9700-232E53EE7FC1}.Debug Unicode|Win32.ActiveCfg = Debug Unicode|Win32
		{EF00BABE-C128-4C9C-9700-232E53EE7FC1}.Debug Unicode|Win32.Build.0 = Debug Unicode|Win32
		{EF00BABE-C128-4C9C-9700-232E53EE7FC1}.Debug|Win32.ActiveCfg = Debug|Win32
		{EF00BABE-C128-4C9C-9700-232E53EE7FC1}.Debug|Win32.Build.0 = Debug|Win32
		{EF00BABE-C128-4C9C-9700-232E53EE7FC1}.Release Static|Win32.ActiveCfg = Release Unicode|Win32
		{EF00BABE-C128-4C9C-9700-232E53EE7FC1}.Release Static|Win32.Build.0 = Release Unicode|Win32
		{EF00BABE-C128-4C9C-9700-232E53EE7FC1}.Release Unicode|Win32.ActiveCfg = Release Unicode|Win32
		{EF00BABE-C128-4C9C-9700-232E53EE7FC1}.Release Unicode|Win32.Build.0 = Release Unicode|Win32
		{EF00BABE-C128-4C9C-9700-232E53EE7FC1}.Release|Win32.ActiveCfg = Release|Win32
		{EF00BABE-C128-4C9C-9700-232E53EE7FC1}.Release|Win32.Build.0 = Release|Win32
		{22E8AA41-3E23-47B0-AE1B-B8A62FA4170D}.Debug Static|Win32.ActiveCfg = Debug|Win32
		{22E8AA41-3E23-47B0-AE1B-B8A62FA4170D}.Debug Static|Win32.Build.0 = Debug|Win32
		{22E8AA41-3E23-47B0-AE1B-B8A62FA4170D}.Debug Unicode|Win32.ActiveCfg = Debug|Win32
		{22E8AA41-3E23-47B0-AE1B-B8A62FA4170D}.Debug Unicode|Win32.Build.0 = Debug|Win32
		{22E8AA41-3E23-47B0-AE1B-B8A62FA4170D}.Debug|Win32.ActiveCfg = Debug|Win32
		{22E8AA41-3E23-47B0-AE1B-B8A62FA4170D}.Debug|Win32.Build.0 = Debug|Win32
		{22E8AA41-3E23-47B0-AE1B-B8A62FA4170D}.Release Static|Win32.ActiveCfg = Release|Win32
		{22E8AA41-3E23-47B0-AE1B-B8A62FA4170D}.Release Static|Win32.Build.0 = Release|Win32
		{22E8AA41-3E23-47B0-AE1B-B8A62FA4170D}.Release Unicode|Win32.ActiveCfg = Release|Win32
		{22E8AA41-3E23-47B0-AE1B-B8A62FA4170D}.Release Unicode|Win32.Build.0 = Release|Win32
		{22E8AA41-3E23-47B0-AE1B-B8A62FA4170D}.Release|Win32.ActiveCfg = Release|Win32
		{22E8AA41-3E23-47B0-AE1B-B8A62FA4170D}.Release|Win32.Build.0 = Release|Win32
		{D44711FC-020B-452A-A366-B31BB76FF4B1}.Debug Static|Win32.ActiveCfg = Debug|Win32
		{D44711FC-020B-452A-A366-B31BB76FF4B1}.Debug Static|Win32.Build.0 = Debug|Win32
		{D44711FC-020B-452A-A366-B31BB76FF4B1}.Debug Unicode|Win32.ActiveCfg = Debug|Win32
		{D44711FC-020B-452A-A366-B31BB76FF4B1}.Debug Unicode|Win32.Build.0 = Debug|Win32
		{D44711FC-020B-452A-A366-B31BB76FF4B1}.Debug|Win32.ActiveCfg = Debug|Win32
		{D44711FC-020B-452A-A366-B31BB76FF4B1}.Debug|Win32.Build.0 = Debug|Win32
		{D44711FC-020B-452A-A366-B31BB76FF4B1}.Release Static|Win32.ActiveCfg = Release|Win32
		{D44711FC-020B-452A-A366-B31BB76FF4B1}.Release Static|Win32.Build.0 = Release|Win32
		{D44711FC-020B-452A-A366-B31BB76FF4B1}.Release Unicode|Win32.ActiveCfg = Release|Win32
		{D44711FC-020B-452A-A366-B31BB76FF4B1}.Release Unicode|Win32.Build.0 = Release|Win32
		{D44711FC-020B-452A-A366-B31BB76FF4B1}.Release|Win32.ActiveCfg = Release|Win32
		{D44711FC-020B-452A-A366-B31BB76FF4B1}.Release|Win32.Build.0 = Release|Win32
	EndGlobalSection
	GlobalSection(SolutionProperties) = preSolution
		HideSolutionNode = FALSE
	EndGlobalSection
EndGlobal
